
Microsoft Visual Studio Solution File, Format Version 12.00
# Visual Studio Version 16
VisualStudioVersion = 16.0.30804.86
MinimumVisualStudioVersion = 10.0.40219.1
Project("{FAE04EC0-301F-11D3-BF4B-00C04F79EFBC}") = "PersonelKayitProjesi", "PersonelKayitProjesi\PersonelKayitProjesi.csproj", "{5A35D955-FC24-4840-891E-8598CA6691E1}"
EndProject
Global
	GlobalSection(SolutionConfigurationPlatforms) = preSolution
		Debug|Any CPU = Debug|Any CPU
		Release|Any CPU = Release|Any CPU
	EndGlobalSection
	GlobalSection(ProjectConfigurationPlatforms) = postSolution
		{5A35D955-FC24-4840-891E-8598CA6691E1}.Debug|Any CPU.ActiveCfg = Debug|Any CPU
		{5A35D955-FC24-4840-891E-8598CA6691E1}.Debug|Any CPU.Build.0 = Debug|Any CPU
		{5A35D955-FC24-4840-891E-8598CA6691E1}.Release|Any CPU.ActiveCfg = Release|Any CPU
		{5A35D955-FC24-4840-891E-8598CA6691E1}.Release|Any CPU.Build.0 = Release|Any CPU
	EndGlobalSection
	GlobalSection(SolutionProperties) = preSolution
		HideSolutionNode = FALSE
	EndGlobalSection
	GlobalSection(ExtensibilityGlobals) = postSolution
		SolutionGuid = {A3150AC9-8C46-4762-AF9E-CB39ACF5BA15}
	EndGlobalSection
EndGlobal
